
Microsoft Visual Studio Solution File, Format Version 9.00
# Visual Studio 2005
Project("{8BC9CEB8-8B4A-11D0-8D11-00A0C91BC942}") = "lab1b", "lab1b\lab1b.vcproj", "{95399F2F-FFFB-4C0E-9E2C-CD9B3140D008}"
EndProject
Global
	GlobalSection(SolutionConfigurationPlatforms) = preSolution
		Debug|Win32 = Debug|Win32
		Release|Win32 = Release|Win32
	EndGlobalSection
	GlobalSection(ProjectConfigurationPlatforms) = postSolution
		{95399F2F-FFFB-4C0E-9E2C-CD9B3140D008}.Debug|Win32.ActiveCfg = Debug|Win32
		{95399F2F-FFFB-4C0E-9E2C-CD9B3140D008}.Debug|Win32.Build.0 = Debug|Win32
		{95399F2F-FFFB-4C0E-9E2C-CD9B3140D008}.Release|Win32.ActiveCfg = Release|Win32
		{95399F2F-FFFB-4C0E-9E2C-CD9B3140D008}.Release|Win32.Build.0 = Release|Win32
	EndGlobalSection
	GlobalSection(SolutionProperties) = preSolution
		HideSolutionNode = FALSE
	EndGlobalSection
EndGlobal
