
Microsoft Visual Studio Solution File, Format Version 9.00
# Visual Studio 2005
Project("{8BC9CEB8-8B4A-11D0-8D11-00A0C91BC942}") = "lab10a", "lab10a\lab10a.vcproj", "{531F50D3-4A2E-4812-B3C6-93C332C9179E}"
EndProject
Global
	GlobalSection(SolutionConfigurationPlatforms) = preSolution
		Debug|Win32 = Debug|Win32
		Release|Win32 = Release|Win32
	EndGlobalSection
	GlobalSection(ProjectConfigurationPlatforms) = postSolution
		{531F50D3-4A2E-4812-B3C6-93C332C9179E}.Debug|Win32.ActiveCfg = Debug|Win32
		{531F50D3-4A2E-4812-B3C6-93C332C9179E}.Debug|Win32.Build.0 = Debug|Win32
		{531F50D3-4A2E-4812-B3C6-93C332C9179E}.Release|Win32.ActiveCfg = Release|Win32
		{531F50D3-4A2E-4812-B3C6-93C332C9179E}.Release|Win32.Build.0 = Release|Win32
	EndGlobalSection
	GlobalSection(SolutionProperties) = preSolution
		HideSolutionNode = FALSE
	EndGlobalSection
EndGlobal
