
Microsoft Visual Studio Solution File, Format Version 9.00
# Visual Studio 2005
Project("{8BC9CEB8-8B4A-11D0-8D11-00A0C91BC942}") = "lab9assignment1", "lab9assignment1\lab9assignment1.vcproj", "{7B7A3FA7-BB49-415B-8778-7226D112E924}"
EndProject
Global
	GlobalSection(SolutionConfigurationPlatforms) = preSolution
		Debug|Win32 = Debug|Win32
		Release|Win32 = Release|Win32
	EndGlobalSection
	GlobalSection(ProjectConfigurationPlatforms) = postSolution
		{7B7A3FA7-BB49-415B-8778-7226D112E924}.Debug|Win32.ActiveCfg = Debug|Win32
		{7B7A3FA7-BB49-415B-8778-7226D112E924}.Debug|Win32.Build.0 = Debug|Win32
		{7B7A3FA7-BB49-415B-8778-7226D112E924}.Release|Win32.ActiveCfg = Release|Win32
		{7B7A3FA7-BB49-415B-8778-7226D112E924}.Release|Win32.Build.0 = Release|Win32
	EndGlobalSection
	GlobalSection(SolutionProperties) = preSolution
		HideSolutionNode = FALSE
	EndGlobalSection
EndGlobal
