
Microsoft Visual Studio Solution File, Format Version 9.00
# Visual Studio 2005
Project("{8BC9CEB8-8B4A-11D0-8D11-00A0C91BC942}") = "lab6b", "lab6b\lab6b.vcproj", "{CBE3F3D7-A233-43C3-8D99-FF3338DADB5D}"
EndProject
Global
	GlobalSection(SolutionConfigurationPlatforms) = preSolution
		Debug|Win32 = Debug|Win32
		Release|Win32 = Release|Win32
	EndGlobalSection
	GlobalSection(ProjectConfigurationPlatforms) = postSolution
		{CBE3F3D7-A233-43C3-8D99-FF3338DADB5D}.Debug|Win32.ActiveCfg = Debug|Win32
		{CBE3F3D7-A233-43C3-8D99-FF3338DADB5D}.Debug|Win32.Build.0 = Debug|Win32
		{CBE3F3D7-A233-43C3-8D99-FF3338DADB5D}.Release|Win32.ActiveCfg = Release|Win32
		{CBE3F3D7-A233-43C3-8D99-FF3338DADB5D}.Release|Win32.Build.0 = Release|Win32
	EndGlobalSection
	GlobalSection(SolutionProperties) = preSolution
		HideSolutionNode = FALSE
	EndGlobalSection
EndGlobal
