
Microsoft Visual Studio Solution File, Format Version 9.00
# Visual Studio 2005
Project("{8BC9CEB8-8B4A-11D0-8D11-00A0C91BC942}") = "assignment-1", "assignment-1\assignment-1.vcproj", "{1214163D-9AF8-40EF-9C59-96D7CDF0951B}"
EndProject
Global
	GlobalSection(SolutionConfigurationPlatforms) = preSolution
		Debug|Win32 = Debug|Win32
		Release|Win32 = Release|Win32
	EndGlobalSection
	GlobalSection(ProjectConfigurationPlatforms) = postSolution
		{1214163D-9AF8-40EF-9C59-96D7CDF0951B}.Debug|Win32.ActiveCfg = Debug|Win32
		{1214163D-9AF8-40EF-9C59-96D7CDF0951B}.Debug|Win32.Build.0 = Debug|Win32
		{1214163D-9AF8-40EF-9C59-96D7CDF0951B}.Release|Win32.ActiveCfg = Release|Win32
		{1214163D-9AF8-40EF-9C59-96D7CDF0951B}.Release|Win32.Build.0 = Release|Win32
	EndGlobalSection
	GlobalSection(SolutionProperties) = preSolution
		HideSolutionNode = FALSE
	EndGlobalSection
EndGlobal
