
Microsoft Visual Studio Solution File, Format Version 9.00
# Visual Studio 2005
Project("{8BC9CEB8-8B4A-11D0-8D11-00A0C91BC942}") = "lab8b", "lab8b\lab8b.vcproj", "{7D66ED7A-362D-4CB9-A55F-C4C269EB5B61}"
EndProject
Global
	GlobalSection(SolutionConfigurationPlatforms) = preSolution
		Debug|Win32 = Debug|Win32
		Release|Win32 = Release|Win32
	EndGlobalSection
	GlobalSection(ProjectConfigurationPlatforms) = postSolution
		{7D66ED7A-362D-4CB9-A55F-C4C269EB5B61}.Debug|Win32.ActiveCfg = Debug|Win32
		{7D66ED7A-362D-4CB9-A55F-C4C269EB5B61}.Debug|Win32.Build.0 = Debug|Win32
		{7D66ED7A-362D-4CB9-A55F-C4C269EB5B61}.Release|Win32.ActiveCfg = Release|Win32
		{7D66ED7A-362D-4CB9-A55F-C4C269EB5B61}.Release|Win32.Build.0 = Release|Win32
	EndGlobalSection
	GlobalSection(SolutionProperties) = preSolution
		HideSolutionNode = FALSE
	EndGlobalSection
EndGlobal
