
Microsoft Visual Studio Solution File, Format Version 9.00
# Visual Studio 2005
Project("{8BC9CEB8-8B4A-11D0-8D11-00A0C91BC942}") = "lab5d", "lab5d\lab5d.vcproj", "{5C09FCC5-7357-4C47-A13C-45879F2D00E2}"
EndProject
Global
	GlobalSection(SolutionConfigurationPlatforms) = preSolution
		Debug|Win32 = Debug|Win32
		Release|Win32 = Release|Win32
	EndGlobalSection
	GlobalSection(ProjectConfigurationPlatforms) = postSolution
		{5C09FCC5-7357-4C47-A13C-45879F2D00E2}.Debug|Win32.ActiveCfg = Debug|Win32
		{5C09FCC5-7357-4C47-A13C-45879F2D00E2}.Debug|Win32.Build.0 = Debug|Win32
		{5C09FCC5-7357-4C47-A13C-45879F2D00E2}.Release|Win32.ActiveCfg = Release|Win32
		{5C09FCC5-7357-4C47-A13C-45879F2D00E2}.Release|Win32.Build.0 = Release|Win32
	EndGlobalSection
	GlobalSection(SolutionProperties) = preSolution
		HideSolutionNode = FALSE
	EndGlobalSection
EndGlobal
