
Microsoft Visual Studio Solution File, Format Version 9.00
# Visual Studio 2005
Project("{8BC9CEB8-8B4A-11D0-8D11-00A0C91BC942}") = "lab10assignment2", "lab10assignment2\lab10assignment2.vcproj", "{93B9B36B-BBE2-413A-86A7-4EBF7D0376F3}"
EndProject
Global
	GlobalSection(SolutionConfigurationPlatforms) = preSolution
		Debug|Win32 = Debug|Win32
		Release|Win32 = Release|Win32
	EndGlobalSection
	GlobalSection(ProjectConfigurationPlatforms) = postSolution
		{93B9B36B-BBE2-413A-86A7-4EBF7D0376F3}.Debug|Win32.ActiveCfg = Debug|Win32
		{93B9B36B-BBE2-413A-86A7-4EBF7D0376F3}.Debug|Win32.Build.0 = Debug|Win32
		{93B9B36B-BBE2-413A-86A7-4EBF7D0376F3}.Release|Win32.ActiveCfg = Release|Win32
		{93B9B36B-BBE2-413A-86A7-4EBF7D0376F3}.Release|Win32.Build.0 = Release|Win32
	EndGlobalSection
	GlobalSection(SolutionProperties) = preSolution
		HideSolutionNode = FALSE
	EndGlobalSection
EndGlobal
