
Microsoft Visual Studio Solution File, Format Version 9.00
# Visual Studio 2005
Project("{8BC9CEB8-8B4A-11D0-8D11-00A0C91BC942}") = "lab4c", "lab4c\lab4c.vcproj", "{E7872042-A41C-4BA1-A89F-E6304A590327}"
EndProject
Global
	GlobalSection(SolutionConfigurationPlatforms) = preSolution
		Debug|Win32 = Debug|Win32
		Release|Win32 = Release|Win32
	EndGlobalSection
	GlobalSection(ProjectConfigurationPlatforms) = postSolution
		{E7872042-A41C-4BA1-A89F-E6304A590327}.Debug|Win32.ActiveCfg = Debug|Win32
		{E7872042-A41C-4BA1-A89F-E6304A590327}.Debug|Win32.Build.0 = Debug|Win32
		{E7872042-A41C-4BA1-A89F-E6304A590327}.Release|Win32.ActiveCfg = Release|Win32
		{E7872042-A41C-4BA1-A89F-E6304A590327}.Release|Win32.Build.0 = Release|Win32
	EndGlobalSection
	GlobalSection(SolutionProperties) = preSolution
		HideSolutionNode = FALSE
	EndGlobalSection
EndGlobal
