
Microsoft Visual Studio Solution File, Format Version 9.00
# Visual Studio 2005
Project("{8BC9CEB8-8B4A-11D0-8D11-00A0C91BC942}") = "lab3a", "lab3a\lab3a.vcproj", "{2A044B34-7D1C-4A57-A999-C99D9106F88D}"
EndProject
Global
	GlobalSection(SolutionConfigurationPlatforms) = preSolution
		Debug|Win32 = Debug|Win32
		Release|Win32 = Release|Win32
	EndGlobalSection
	GlobalSection(ProjectConfigurationPlatforms) = postSolution
		{2A044B34-7D1C-4A57-A999-C99D9106F88D}.Debug|Win32.ActiveCfg = Debug|Win32
		{2A044B34-7D1C-4A57-A999-C99D9106F88D}.Debug|Win32.Build.0 = Debug|Win32
		{2A044B34-7D1C-4A57-A999-C99D9106F88D}.Release|Win32.ActiveCfg = Release|Win32
		{2A044B34-7D1C-4A57-A999-C99D9106F88D}.Release|Win32.Build.0 = Release|Win32
	EndGlobalSection
	GlobalSection(SolutionProperties) = preSolution
		HideSolutionNode = FALSE
	EndGlobalSection
EndGlobal
