
Microsoft Visual Studio Solution File, Format Version 9.00
# Visual Studio 2005
Project("{8BC9CEB8-8B4A-11D0-8D11-00A0C91BC942}") = "lab3", "..\lab3\lab3\lab3.vcproj", "{57C5DF5C-52B7-423F-B721-A9C9BC141485}"
EndProject
Global
	GlobalSection(SolutionConfigurationPlatforms) = preSolution
		Debug|Win32 = Debug|Win32
		Release|Win32 = Release|Win32
	EndGlobalSection
	GlobalSection(ProjectConfigurationPlatforms) = postSolution
		{57C5DF5C-52B7-423F-B721-A9C9BC141485}.Debug|Win32.ActiveCfg = Debug|Win32
		{57C5DF5C-52B7-423F-B721-A9C9BC141485}.Debug|Win32.Build.0 = Debug|Win32
		{57C5DF5C-52B7-423F-B721-A9C9BC141485}.Release|Win32.ActiveCfg = Release|Win32
		{57C5DF5C-52B7-423F-B721-A9C9BC141485}.Release|Win32.Build.0 = Release|Win32
	EndGlobalSection
	GlobalSection(SolutionProperties) = preSolution
		HideSolutionNode = FALSE
	EndGlobalSection
EndGlobal
