
Microsoft Visual Studio Solution File, Format Version 9.00
# Visual Studio 2005
Project("{8BC9CEB8-8B4A-11D0-8D11-00A0C91BC942}") = "lab9c", "lab9c\lab9c.vcproj", "{283E56BC-97EB-42EF-9374-0F3385B87530}"
EndProject
Global
	GlobalSection(SolutionConfigurationPlatforms) = preSolution
		Debug|Win32 = Debug|Win32
		Release|Win32 = Release|Win32
	EndGlobalSection
	GlobalSection(ProjectConfigurationPlatforms) = postSolution
		{283E56BC-97EB-42EF-9374-0F3385B87530}.Debug|Win32.ActiveCfg = Debug|Win32
		{283E56BC-97EB-42EF-9374-0F3385B87530}.Debug|Win32.Build.0 = Debug|Win32
		{283E56BC-97EB-42EF-9374-0F3385B87530}.Release|Win32.ActiveCfg = Release|Win32
		{283E56BC-97EB-42EF-9374-0F3385B87530}.Release|Win32.Build.0 = Release|Win32
	EndGlobalSection
	GlobalSection(SolutionProperties) = preSolution
		HideSolutionNode = FALSE
	EndGlobalSection
EndGlobal
